
Microsoft Visual Studio Solution File, Format Version 12.00
# Visual Studio Version 16
VisualStudioVersion = 16.0.31005.135
MinimumVisualStudioVersion = 10.0.40219.1
Project("{FAE04EC0-301F-11D3-BF4B-00C04F79EFBC}") = "HomeWork6", "HomeWork6\HomeWork6.csproj", "{27895E28-175D-415D-ADF0-E2E13E38BA2C}"
EndProject
Global
	GlobalSection(SolutionConfigurationPlatforms) = preSolution
		Debug|Any CPU = Debug|Any CPU
		Release|Any CPU = Release|Any CPU
	EndGlobalSection
	GlobalSection(ProjectConfigurationPlatforms) = postSolution
		{27895E28-175D-415D-ADF0-E2E13E38BA2C}.Debug|Any CPU.ActiveCfg = Debug|Any CPU
		{27895E28-175D-415D-ADF0-E2E13E38BA2C}.Debug|Any CPU.Build.0 = Debug|Any CPU
		{27895E28-175D-415D-ADF0-E2E13E38BA2C}.Release|Any CPU.ActiveCfg = Release|Any CPU
		{27895E28-175D-415D-ADF0-E2E13E38BA2C}.Release|Any CPU.Build.0 = Release|Any CPU
	EndGlobalSection
	GlobalSection(SolutionProperties) = preSolution
		HideSolutionNode = FALSE
	EndGlobalSection
	GlobalSection(ExtensibilityGlobals) = postSolution
		SolutionGuid = {AC01DB50-CB5A-432F-ACE4-A5532CD9C965}
	EndGlobalSection
EndGlobal
